
Microsoft Visual Studio Solution File, Format Version 12.00
# Visual Studio Version 17
VisualStudioVersion = 17.2.32602.215
MinimumVisualStudioVersion = 10.0.40219.1
Project("{FAE04EC0-301F-11D3-BF4B-00C04F79EFBC}") = "number", "number\number.csproj", "{074AFCB2-DFBE-402D-A38A-6135D4D2D457}"
EndProject
Global
	GlobalSection(SolutionConfigurationPlatforms) = preSolution
		Debug|Any CPU = Debug|Any CPU
		Release|Any CPU = Release|Any CPU
	EndGlobalSection
	GlobalSection(ProjectConfigurationPlatforms) = postSolution
		{074AFCB2-DFBE-402D-A38A-6135D4D2D457}.Debug|Any CPU.ActiveCfg = Debug|Any CPU
		{074AFCB2-DFBE-402D-A38A-6135D4D2D457}.Debug|Any CPU.Build.0 = Debug|Any CPU
		{074AFCB2-DFBE-402D-A38A-6135D4D2D457}.Release|Any CPU.ActiveCfg = Release|Any CPU
		{074AFCB2-DFBE-402D-A38A-6135D4D2D457}.Release|Any CPU.Build.0 = Release|Any CPU
	EndGlobalSection
	GlobalSection(SolutionProperties) = preSolution
		HideSolutionNode = FALSE
	EndGlobalSection
	GlobalSection(ExtensibilityGlobals) = postSolution
		SolutionGuid = {47111DF6-0C52-4B6F-BBF9-5BA8DBFE00C9}
	EndGlobalSection
EndGlobal
