
Microsoft Visual Studio Solution File, Format Version 12.00
# Visual Studio Version 17
VisualStudioVersion = 17.2.32616.157
MinimumVisualStudioVersion = 10.0.40219.1
Project("{FAE04EC0-301F-11D3-BF4B-00C04F79EFBC}") = "InheritanceProgram_single", "InheritanceProgram_single\InheritanceProgram_single.csproj", "{F6D74C51-0105-4C15-95B4-A09DCB5F8E80}"
EndProject
Global
	GlobalSection(SolutionConfigurationPlatforms) = preSolution
		Debug|Any CPU = Debug|Any CPU
		Release|Any CPU = Release|Any CPU
	EndGlobalSection
	GlobalSection(ProjectConfigurationPlatforms) = postSolution
		{F6D74C51-0105-4C15-95B4-A09DCB5F8E80}.Debug|Any CPU.ActiveCfg = Debug|Any CPU
		{F6D74C51-0105-4C15-95B4-A09DCB5F8E80}.Debug|Any CPU.Build.0 = Debug|Any CPU
		{F6D74C51-0105-4C15-95B4-A09DCB5F8E80}.Release|Any CPU.ActiveCfg = Release|Any CPU
		{F6D74C51-0105-4C15-95B4-A09DCB5F8E80}.Release|Any CPU.Build.0 = Release|Any CPU
	EndGlobalSection
	GlobalSection(SolutionProperties) = preSolution
		HideSolutionNode = FALSE
	EndGlobalSection
	GlobalSection(ExtensibilityGlobals) = postSolution
		SolutionGuid = {5E2173D6-71C0-440E-BADF-F19CCF627F9F}
	EndGlobalSection
EndGlobal
