
Microsoft Visual Studio Solution File, Format Version 12.00
# Visual Studio Version 17
VisualStudioVersion = 17.2.32616.157
MinimumVisualStudioVersion = 10.0.40219.1
Project("{FAE04EC0-301F-11D3-BF4B-00C04F79EFBC}") = "Copy constructor", "Copy constructor\Copy constructor.csproj", "{6ECA2662-B6B5-4078-937F-C2EBF46A65BB}"
EndProject
Global
	GlobalSection(SolutionConfigurationPlatforms) = preSolution
		Debug|Any CPU = Debug|Any CPU
		Release|Any CPU = Release|Any CPU
	EndGlobalSection
	GlobalSection(ProjectConfigurationPlatforms) = postSolution
		{6ECA2662-B6B5-4078-937F-C2EBF46A65BB}.Debug|Any CPU.ActiveCfg = Debug|Any CPU
		{6ECA2662-B6B5-4078-937F-C2EBF46A65BB}.Debug|Any CPU.Build.0 = Debug|Any CPU
		{6ECA2662-B6B5-4078-937F-C2EBF46A65BB}.Release|Any CPU.ActiveCfg = Release|Any CPU
		{6ECA2662-B6B5-4078-937F-C2EBF46A65BB}.Release|Any CPU.Build.0 = Release|Any CPU
	EndGlobalSection
	GlobalSection(SolutionProperties) = preSolution
		HideSolutionNode = FALSE
	EndGlobalSection
	GlobalSection(ExtensibilityGlobals) = postSolution
		SolutionGuid = {1EBC61EB-4A88-4CF7-B033-4B8D513A272A}
	EndGlobalSection
EndGlobal
