
Microsoft Visual Studio Solution File, Format Version 12.00
# Visual Studio Version 17
VisualStudioVersion = 17.2.32602.215
MinimumVisualStudioVersion = 10.0.40219.1
Project("{FAE04EC0-301F-11D3-BF4B-00C04F79EFBC}") = "SwitchCase_Month", "SwitchCase_Month\SwitchCase_Month.csproj", "{8AD5DDDA-9916-4299-AF2B-F2EB6BC2D0CC}"
EndProject
Global
	GlobalSection(SolutionConfigurationPlatforms) = preSolution
		Debug|Any CPU = Debug|Any CPU
		Release|Any CPU = Release|Any CPU
	EndGlobalSection
	GlobalSection(ProjectConfigurationPlatforms) = postSolution
		{8AD5DDDA-9916-4299-AF2B-F2EB6BC2D0CC}.Debug|Any CPU.ActiveCfg = Debug|Any CPU
		{8AD5DDDA-9916-4299-AF2B-F2EB6BC2D0CC}.Debug|Any CPU.Build.0 = Debug|Any CPU
		{8AD5DDDA-9916-4299-AF2B-F2EB6BC2D0CC}.Release|Any CPU.ActiveCfg = Release|Any CPU
		{8AD5DDDA-9916-4299-AF2B-F2EB6BC2D0CC}.Release|Any CPU.Build.0 = Release|Any CPU
	EndGlobalSection
	GlobalSection(SolutionProperties) = preSolution
		HideSolutionNode = FALSE
	EndGlobalSection
	GlobalSection(ExtensibilityGlobals) = postSolution
		SolutionGuid = {189B5F7F-8123-4AD1-8860-69F3AC620192}
	EndGlobalSection
EndGlobal
