
Microsoft Visual Studio Solution File, Format Version 12.00
# Visual Studio Version 17
VisualStudioVersion = 17.2.32616.157
MinimumVisualStudioVersion = 10.0.40219.1
Project("{FAE04EC0-301F-11D3-BF4B-00C04F79EFBC}") = "overloadingprogram2", "overloadingprogram2\overloadingprogram2.csproj", "{4FC48F29-1D67-47A1-AC4A-D131D151F6E7}"
EndProject
Global
	GlobalSection(SolutionConfigurationPlatforms) = preSolution
		Debug|Any CPU = Debug|Any CPU
		Release|Any CPU = Release|Any CPU
	EndGlobalSection
	GlobalSection(ProjectConfigurationPlatforms) = postSolution
		{4FC48F29-1D67-47A1-AC4A-D131D151F6E7}.Debug|Any CPU.ActiveCfg = Debug|Any CPU
		{4FC48F29-1D67-47A1-AC4A-D131D151F6E7}.Debug|Any CPU.Build.0 = Debug|Any CPU
		{4FC48F29-1D67-47A1-AC4A-D131D151F6E7}.Release|Any CPU.ActiveCfg = Release|Any CPU
		{4FC48F29-1D67-47A1-AC4A-D131D151F6E7}.Release|Any CPU.Build.0 = Release|Any CPU
	EndGlobalSection
	GlobalSection(SolutionProperties) = preSolution
		HideSolutionNode = FALSE
	EndGlobalSection
	GlobalSection(ExtensibilityGlobals) = postSolution
		SolutionGuid = {691E6DEC-7F87-4727-8C43-413C54190ADF}
	EndGlobalSection
EndGlobal
