
Microsoft Visual Studio Solution File, Format Version 12.00
# Visual Studio Version 17
VisualStudioVersion = 17.2.32616.157
MinimumVisualStudioVersion = 10.0.40219.1
Project("{FAE04EC0-301F-11D3-BF4B-00C04F79EFBC}") = "Application", "Application\Application.csproj", "{FEE39D45-AF20-4AEF-AE69-41560C394419}"
EndProject
Project("{FAE04EC0-301F-11D3-BF4B-00C04F79EFBC}") = "Program", "Program\Program.csproj", "{B5DBFCB9-D1BC-4CBB-A98D-78CB86DF1F4D}"
EndProject
Global
	GlobalSection(SolutionConfigurationPlatforms) = preSolution
		Debug|Any CPU = Debug|Any CPU
		Release|Any CPU = Release|Any CPU
	EndGlobalSection
	GlobalSection(ProjectConfigurationPlatforms) = postSolution
		{FEE39D45-AF20-4AEF-AE69-41560C394419}.Debug|Any CPU.ActiveCfg = Debug|Any CPU
		{FEE39D45-AF20-4AEF-AE69-41560C394419}.Debug|Any CPU.Build.0 = Debug|Any CPU
		{FEE39D45-AF20-4AEF-AE69-41560C394419}.Release|Any CPU.ActiveCfg = Release|Any CPU
		{FEE39D45-AF20-4AEF-AE69-41560C394419}.Release|Any CPU.Build.0 = Release|Any CPU
		{B5DBFCB9-D1BC-4CBB-A98D-78CB86DF1F4D}.Debug|Any CPU.ActiveCfg = Debug|Any CPU
		{B5DBFCB9-D1BC-4CBB-A98D-78CB86DF1F4D}.Debug|Any CPU.Build.0 = Debug|Any CPU
		{B5DBFCB9-D1BC-4CBB-A98D-78CB86DF1F4D}.Release|Any CPU.ActiveCfg = Release|Any CPU
		{B5DBFCB9-D1BC-4CBB-A98D-78CB86DF1F4D}.Release|Any CPU.Build.0 = Release|Any CPU
	EndGlobalSection
	GlobalSection(SolutionProperties) = preSolution
		HideSolutionNode = FALSE
	EndGlobalSection
	GlobalSection(ExtensibilityGlobals) = postSolution
		SolutionGuid = {21A574DE-44CE-40D1-BE9D-E6188049752C}
	EndGlobalSection
EndGlobal
