
Microsoft Visual Studio Solution File, Format Version 12.00
# Visual Studio Version 17
VisualStudioVersion = 17.2.32616.157
MinimumVisualStudioVersion = 10.0.40219.1
Project("{FAE04EC0-301F-11D3-BF4B-00C04F79EFBC}") = "Even_odd", "Even_odd\Even_odd.csproj", "{CD0A8D42-0ABB-4F27-8203-717A09AB8DCC}"
EndProject
Global
	GlobalSection(SolutionConfigurationPlatforms) = preSolution
		Debug|Any CPU = Debug|Any CPU
		Release|Any CPU = Release|Any CPU
	EndGlobalSection
	GlobalSection(ProjectConfigurationPlatforms) = postSolution
		{CD0A8D42-0ABB-4F27-8203-717A09AB8DCC}.Debug|Any CPU.ActiveCfg = Debug|Any CPU
		{CD0A8D42-0ABB-4F27-8203-717A09AB8DCC}.Debug|Any CPU.Build.0 = Debug|Any CPU
		{CD0A8D42-0ABB-4F27-8203-717A09AB8DCC}.Release|Any CPU.ActiveCfg = Release|Any CPU
		{CD0A8D42-0ABB-4F27-8203-717A09AB8DCC}.Release|Any CPU.Build.0 = Release|Any CPU
	EndGlobalSection
	GlobalSection(SolutionProperties) = preSolution
		HideSolutionNode = FALSE
	EndGlobalSection
	GlobalSection(ExtensibilityGlobals) = postSolution
		SolutionGuid = {DDC0A286-72FE-4519-A6A5-A102FF5F6ABC}
	EndGlobalSection
EndGlobal
