
Microsoft Visual Studio Solution File, Format Version 12.00
# Visual Studio Version 17
VisualStudioVersion = 17.2.32616.157
MinimumVisualStudioVersion = 10.0.40219.1
Project("{FAE04EC0-301F-11D3-BF4B-00C04F79EFBC}") = "placeholdertableusingwhileloop", "placeholdertableusingwhileloop\placeholdertableusingwhileloop.csproj", "{8C77C40A-E785-439F-BBD6-573B2BD29EC5}"
EndProject
Global
	GlobalSection(SolutionConfigurationPlatforms) = preSolution
		Debug|Any CPU = Debug|Any CPU
		Release|Any CPU = Release|Any CPU
	EndGlobalSection
	GlobalSection(ProjectConfigurationPlatforms) = postSolution
		{8C77C40A-E785-439F-BBD6-573B2BD29EC5}.Debug|Any CPU.ActiveCfg = Debug|Any CPU
		{8C77C40A-E785-439F-BBD6-573B2BD29EC5}.Debug|Any CPU.Build.0 = Debug|Any CPU
		{8C77C40A-E785-439F-BBD6-573B2BD29EC5}.Release|Any CPU.ActiveCfg = Release|Any CPU
		{8C77C40A-E785-439F-BBD6-573B2BD29EC5}.Release|Any CPU.Build.0 = Release|Any CPU
	EndGlobalSection
	GlobalSection(SolutionProperties) = preSolution
		HideSolutionNode = FALSE
	EndGlobalSection
	GlobalSection(ExtensibilityGlobals) = postSolution
		SolutionGuid = {1B62B97D-588E-4EAC-A7FA-031AC1627235}
	EndGlobalSection
EndGlobal
