
Microsoft Visual Studio Solution File, Format Version 12.00
# Visual Studio Version 17
VisualStudioVersion = 17.2.32602.215
MinimumVisualStudioVersion = 10.0.40219.1
Project("{FAE04EC0-301F-11D3-BF4B-00C04F79EFBC}") = "Hello", "Hello\Hello.csproj", "{863EDD0B-0779-498B-B3E9-263B9C40A96D}"
EndProject
Global
	GlobalSection(SolutionConfigurationPlatforms) = preSolution
		Debug|Any CPU = Debug|Any CPU
		Release|Any CPU = Release|Any CPU
	EndGlobalSection
	GlobalSection(ProjectConfigurationPlatforms) = postSolution
		{863EDD0B-0779-498B-B3E9-263B9C40A96D}.Debug|Any CPU.ActiveCfg = Debug|Any CPU
		{863EDD0B-0779-498B-B3E9-263B9C40A96D}.Debug|Any CPU.Build.0 = Debug|Any CPU
		{863EDD0B-0779-498B-B3E9-263B9C40A96D}.Release|Any CPU.ActiveCfg = Release|Any CPU
		{863EDD0B-0779-498B-B3E9-263B9C40A96D}.Release|Any CPU.Build.0 = Release|Any CPU
	EndGlobalSection
	GlobalSection(SolutionProperties) = preSolution
		HideSolutionNode = FALSE
	EndGlobalSection
	GlobalSection(ExtensibilityGlobals) = postSolution
		SolutionGuid = {9D6815BF-1FDF-42E9-9C47-ABB847FDB8B6}
	EndGlobalSection
EndGlobal
