
Microsoft Visual Studio Solution File, Format Version 12.00
# Visual Studio Version 17
VisualStudioVersion = 17.2.32616.157
MinimumVisualStudioVersion = 10.0.40219.1
Project("{FAE04EC0-301F-11D3-BF4B-00C04F79EFBC}") = "Static p", "Static p\Static p.csproj", "{2568BCE1-06B2-4BFF-9700-E23B8EF6B9C7}"
EndProject
Global
	GlobalSection(SolutionConfigurationPlatforms) = preSolution
		Debug|Any CPU = Debug|Any CPU
		Release|Any CPU = Release|Any CPU
	EndGlobalSection
	GlobalSection(ProjectConfigurationPlatforms) = postSolution
		{2568BCE1-06B2-4BFF-9700-E23B8EF6B9C7}.Debug|Any CPU.ActiveCfg = Debug|Any CPU
		{2568BCE1-06B2-4BFF-9700-E23B8EF6B9C7}.Debug|Any CPU.Build.0 = Debug|Any CPU
		{2568BCE1-06B2-4BFF-9700-E23B8EF6B9C7}.Release|Any CPU.ActiveCfg = Release|Any CPU
		{2568BCE1-06B2-4BFF-9700-E23B8EF6B9C7}.Release|Any CPU.Build.0 = Release|Any CPU
	EndGlobalSection
	GlobalSection(SolutionProperties) = preSolution
		HideSolutionNode = FALSE
	EndGlobalSection
	GlobalSection(ExtensibilityGlobals) = postSolution
		SolutionGuid = {9921647F-936F-42CE-80C3-0CBA34FB889B}
	EndGlobalSection
EndGlobal
