
Microsoft Visual Studio Solution File, Format Version 12.00
# Visual Studio Version 16
VisualStudioVersion = 16.0.32413.511
MinimumVisualStudioVersion = 10.0.40219.1
Project("{FAE04EC0-301F-11D3-BF4B-00C04F79EFBC}") = "PrimeNumber using whileloop", "PrimeNumber using whileloop\PrimeNumber using whileloop.csproj", "{CDF83D6F-5D85-4F4B-8F4A-9DE0B18E9E1B}"
EndProject
Global
	GlobalSection(SolutionConfigurationPlatforms) = preSolution
		Debug|Any CPU = Debug|Any CPU
		Release|Any CPU = Release|Any CPU
	EndGlobalSection
	GlobalSection(ProjectConfigurationPlatforms) = postSolution
		{CDF83D6F-5D85-4F4B-8F4A-9DE0B18E9E1B}.Debug|Any CPU.ActiveCfg = Debug|Any CPU
		{CDF83D6F-5D85-4F4B-8F4A-9DE0B18E9E1B}.Debug|Any CPU.Build.0 = Debug|Any CPU
		{CDF83D6F-5D85-4F4B-8F4A-9DE0B18E9E1B}.Release|Any CPU.ActiveCfg = Release|Any CPU
		{CDF83D6F-5D85-4F4B-8F4A-9DE0B18E9E1B}.Release|Any CPU.Build.0 = Release|Any CPU
	EndGlobalSection
	GlobalSection(SolutionProperties) = preSolution
		HideSolutionNode = FALSE
	EndGlobalSection
	GlobalSection(ExtensibilityGlobals) = postSolution
		SolutionGuid = {A8FE4F9D-B0BE-439B-A0C7-DB6EBF81AE23}
	EndGlobalSection
EndGlobal
