
Microsoft Visual Studio Solution File, Format Version 12.00
# Visual Studio Version 17
VisualStudioVersion = 17.2.32616.157
MinimumVisualStudioVersion = 10.0.40219.1
Project("{FAE04EC0-301F-11D3-BF4B-00C04F79EFBC}") = "overloading2", "overloading2\overloading2.csproj", "{D5FE3FA6-4FD2-4B7F-B718-24AA0FF3AE6F}"
EndProject
Project("{FAE04EC0-301F-11D3-BF4B-00C04F79EFBC}") = "field", "field\field.csproj", "{CEEE8E44-E008-4C98-86D4-6A8D5EFCEB7B}"
EndProject
Global
	GlobalSection(SolutionConfigurationPlatforms) = preSolution
		Debug|Any CPU = Debug|Any CPU
		Release|Any CPU = Release|Any CPU
	EndGlobalSection
	GlobalSection(ProjectConfigurationPlatforms) = postSolution
		{D5FE3FA6-4FD2-4B7F-B718-24AA0FF3AE6F}.Debug|Any CPU.ActiveCfg = Debug|Any CPU
		{D5FE3FA6-4FD2-4B7F-B718-24AA0FF3AE6F}.Debug|Any CPU.Build.0 = Debug|Any CPU
		{D5FE3FA6-4FD2-4B7F-B718-24AA0FF3AE6F}.Release|Any CPU.ActiveCfg = Release|Any CPU
		{D5FE3FA6-4FD2-4B7F-B718-24AA0FF3AE6F}.Release|Any CPU.Build.0 = Release|Any CPU
		{CEEE8E44-E008-4C98-86D4-6A8D5EFCEB7B}.Debug|Any CPU.ActiveCfg = Debug|Any CPU
		{CEEE8E44-E008-4C98-86D4-6A8D5EFCEB7B}.Debug|Any CPU.Build.0 = Debug|Any CPU
		{CEEE8E44-E008-4C98-86D4-6A8D5EFCEB7B}.Release|Any CPU.ActiveCfg = Release|Any CPU
		{CEEE8E44-E008-4C98-86D4-6A8D5EFCEB7B}.Release|Any CPU.Build.0 = Release|Any CPU
	EndGlobalSection
	GlobalSection(SolutionProperties) = preSolution
		HideSolutionNode = FALSE
	EndGlobalSection
	GlobalSection(ExtensibilityGlobals) = postSolution
		SolutionGuid = {ECA0FCF1-5605-4C73-A472-A1EFDF22E518}
	EndGlobalSection
EndGlobal
