
Microsoft Visual Studio Solution File, Format Version 12.00
# Visual Studio Version 17
VisualStudioVersion = 17.2.32616.157
MinimumVisualStudioVersion = 10.0.40219.1
Project("{FAE04EC0-301F-11D3-BF4B-00C04F79EFBC}") = "continueprogram", "continueprogram\continueprogram.csproj", "{91CEB216-865A-434E-88CC-950FEB663676}"
EndProject
Global
	GlobalSection(SolutionConfigurationPlatforms) = preSolution
		Debug|Any CPU = Debug|Any CPU
		Release|Any CPU = Release|Any CPU
	EndGlobalSection
	GlobalSection(ProjectConfigurationPlatforms) = postSolution
		{91CEB216-865A-434E-88CC-950FEB663676}.Debug|Any CPU.ActiveCfg = Debug|Any CPU
		{91CEB216-865A-434E-88CC-950FEB663676}.Debug|Any CPU.Build.0 = Debug|Any CPU
		{91CEB216-865A-434E-88CC-950FEB663676}.Release|Any CPU.ActiveCfg = Release|Any CPU
		{91CEB216-865A-434E-88CC-950FEB663676}.Release|Any CPU.Build.0 = Release|Any CPU
	EndGlobalSection
	GlobalSection(SolutionProperties) = preSolution
		HideSolutionNode = FALSE
	EndGlobalSection
	GlobalSection(ExtensibilityGlobals) = postSolution
		SolutionGuid = {0755DBD9-98FF-49E1-94E5-5DEF2143D1D9}
	EndGlobalSection
EndGlobal
