
Microsoft Visual Studio Solution File, Format Version 12.00
# Visual Studio Version 17
VisualStudioVersion = 17.2.32602.215
MinimumVisualStudioVersion = 10.0.40219.1
Project("{FAE04EC0-301F-11D3-BF4B-00C04F79EFBC}") = "Integer number", "Integer number\Integer number.csproj", "{1BCD7FA0-C372-4418-8766-728F23A02A90}"
EndProject
Global
	GlobalSection(SolutionConfigurationPlatforms) = preSolution
		Debug|Any CPU = Debug|Any CPU
		Release|Any CPU = Release|Any CPU
	EndGlobalSection
	GlobalSection(ProjectConfigurationPlatforms) = postSolution
		{1BCD7FA0-C372-4418-8766-728F23A02A90}.Debug|Any CPU.ActiveCfg = Debug|Any CPU
		{1BCD7FA0-C372-4418-8766-728F23A02A90}.Debug|Any CPU.Build.0 = Debug|Any CPU
		{1BCD7FA0-C372-4418-8766-728F23A02A90}.Release|Any CPU.ActiveCfg = Release|Any CPU
		{1BCD7FA0-C372-4418-8766-728F23A02A90}.Release|Any CPU.Build.0 = Release|Any CPU
	EndGlobalSection
	GlobalSection(SolutionProperties) = preSolution
		HideSolutionNode = FALSE
	EndGlobalSection
	GlobalSection(ExtensibilityGlobals) = postSolution
		SolutionGuid = {9AC9F760-C6BE-41E6-B982-13E2C004ECC6}
	EndGlobalSection
EndGlobal
