
Microsoft Visual Studio Solution File, Format Version 12.00
# Visual Studio Version 17
VisualStudioVersion = 17.2.32616.157
MinimumVisualStudioVersion = 10.0.40219.1
Project("{FAE04EC0-301F-11D3-BF4B-00C04F79EFBC}") = "Character", "Character\Character.csproj", "{0D56F6B0-9EE8-40ED-9897-850FBBF584CD}"
EndProject
Global
	GlobalSection(SolutionConfigurationPlatforms) = preSolution
		Debug|Any CPU = Debug|Any CPU
		Release|Any CPU = Release|Any CPU
	EndGlobalSection
	GlobalSection(ProjectConfigurationPlatforms) = postSolution
		{0D56F6B0-9EE8-40ED-9897-850FBBF584CD}.Debug|Any CPU.ActiveCfg = Debug|Any CPU
		{0D56F6B0-9EE8-40ED-9897-850FBBF584CD}.Debug|Any CPU.Build.0 = Debug|Any CPU
		{0D56F6B0-9EE8-40ED-9897-850FBBF584CD}.Release|Any CPU.ActiveCfg = Release|Any CPU
		{0D56F6B0-9EE8-40ED-9897-850FBBF584CD}.Release|Any CPU.Build.0 = Release|Any CPU
	EndGlobalSection
	GlobalSection(SolutionProperties) = preSolution
		HideSolutionNode = FALSE
	EndGlobalSection
	GlobalSection(ExtensibilityGlobals) = postSolution
		SolutionGuid = {D6481ADC-52E8-408A-ACFE-409E1AE97551}
	EndGlobalSection
EndGlobal
