
Microsoft Visual Studio Solution File, Format Version 12.00
# Visual Studio Version 17
VisualStudioVersion = 17.2.32616.157
MinimumVisualStudioVersion = 10.0.40219.1
Project("{FAE04EC0-301F-11D3-BF4B-00C04F79EFBC}") = "Static constractor program", "Static constractor program\Static constractor program.csproj", "{4F24B179-B456-404E-A3F0-2F0BC3DEA838}"
EndProject
Global
	GlobalSection(SolutionConfigurationPlatforms) = preSolution
		Debug|Any CPU = Debug|Any CPU
		Release|Any CPU = Release|Any CPU
	EndGlobalSection
	GlobalSection(ProjectConfigurationPlatforms) = postSolution
		{4F24B179-B456-404E-A3F0-2F0BC3DEA838}.Debug|Any CPU.ActiveCfg = Debug|Any CPU
		{4F24B179-B456-404E-A3F0-2F0BC3DEA838}.Debug|Any CPU.Build.0 = Debug|Any CPU
		{4F24B179-B456-404E-A3F0-2F0BC3DEA838}.Release|Any CPU.ActiveCfg = Release|Any CPU
		{4F24B179-B456-404E-A3F0-2F0BC3DEA838}.Release|Any CPU.Build.0 = Release|Any CPU
	EndGlobalSection
	GlobalSection(SolutionProperties) = preSolution
		HideSolutionNode = FALSE
	EndGlobalSection
	GlobalSection(ExtensibilityGlobals) = postSolution
		SolutionGuid = {C1590F60-7774-49D5-BBE5-DF1869418947}
	EndGlobalSection
EndGlobal
