
Microsoft Visual Studio Solution File, Format Version 12.00
# Visual Studio Version 17
VisualStudioVersion = 17.2.32616.157
MinimumVisualStudioVersion = 10.0.40219.1
Project("{FAE04EC0-301F-11D3-BF4B-00C04F79EFBC}") = "Zero", "Static\Zero.csproj", "{46A427FE-BF30-4B6B-BF1C-4AC2F5657633}"
EndProject
Global
	GlobalSection(SolutionConfigurationPlatforms) = preSolution
		Debug|Any CPU = Debug|Any CPU
		Release|Any CPU = Release|Any CPU
	EndGlobalSection
	GlobalSection(ProjectConfigurationPlatforms) = postSolution
		{46A427FE-BF30-4B6B-BF1C-4AC2F5657633}.Debug|Any CPU.ActiveCfg = Debug|Any CPU
		{46A427FE-BF30-4B6B-BF1C-4AC2F5657633}.Debug|Any CPU.Build.0 = Debug|Any CPU
		{46A427FE-BF30-4B6B-BF1C-4AC2F5657633}.Release|Any CPU.ActiveCfg = Release|Any CPU
		{46A427FE-BF30-4B6B-BF1C-4AC2F5657633}.Release|Any CPU.Build.0 = Release|Any CPU
	EndGlobalSection
	GlobalSection(SolutionProperties) = preSolution
		HideSolutionNode = FALSE
	EndGlobalSection
	GlobalSection(ExtensibilityGlobals) = postSolution
		SolutionGuid = {1495DD25-867C-4738-B67A-DEEDCA5FDC8A}
	EndGlobalSection
EndGlobal
