
Microsoft Visual Studio Solution File, Format Version 12.00
# Visual Studio Version 17
VisualStudioVersion = 17.2.32616.157
MinimumVisualStudioVersion = 10.0.40219.1
Project("{FAE04EC0-301F-11D3-BF4B-00C04F79EFBC}") = "Static program", "Static program\Static program.csproj", "{21FDC4AB-4964-4958-BFF9-DCC260C618D0}"
EndProject
Global
	GlobalSection(SolutionConfigurationPlatforms) = preSolution
		Debug|Any CPU = Debug|Any CPU
		Release|Any CPU = Release|Any CPU
	EndGlobalSection
	GlobalSection(ProjectConfigurationPlatforms) = postSolution
		{21FDC4AB-4964-4958-BFF9-DCC260C618D0}.Debug|Any CPU.ActiveCfg = Debug|Any CPU
		{21FDC4AB-4964-4958-BFF9-DCC260C618D0}.Debug|Any CPU.Build.0 = Debug|Any CPU
		{21FDC4AB-4964-4958-BFF9-DCC260C618D0}.Release|Any CPU.ActiveCfg = Release|Any CPU
		{21FDC4AB-4964-4958-BFF9-DCC260C618D0}.Release|Any CPU.Build.0 = Release|Any CPU
	EndGlobalSection
	GlobalSection(SolutionProperties) = preSolution
		HideSolutionNode = FALSE
	EndGlobalSection
	GlobalSection(ExtensibilityGlobals) = postSolution
		SolutionGuid = {E769706D-5638-4BC5-8357-A0D9DEE98FF9}
	EndGlobalSection
EndGlobal
