
Microsoft Visual Studio Solution File, Format Version 12.00
# Visual Studio Version 17
VisualStudioVersion = 17.2.32616.157
MinimumVisualStudioVersion = 10.0.40219.1
Project("{FAE04EC0-301F-11D3-BF4B-00C04F79EFBC}") = "ProbleProgram", "ProbleProgram\ProbleProgram.csproj", "{FF2A0F91-70BD-4A31-A263-7A1FD31D0ED3}"
EndProject
Global
	GlobalSection(SolutionConfigurationPlatforms) = preSolution
		Debug|Any CPU = Debug|Any CPU
		Release|Any CPU = Release|Any CPU
	EndGlobalSection
	GlobalSection(ProjectConfigurationPlatforms) = postSolution
		{FF2A0F91-70BD-4A31-A263-7A1FD31D0ED3}.Debug|Any CPU.ActiveCfg = Debug|Any CPU
		{FF2A0F91-70BD-4A31-A263-7A1FD31D0ED3}.Debug|Any CPU.Build.0 = Debug|Any CPU
		{FF2A0F91-70BD-4A31-A263-7A1FD31D0ED3}.Release|Any CPU.ActiveCfg = Release|Any CPU
		{FF2A0F91-70BD-4A31-A263-7A1FD31D0ED3}.Release|Any CPU.Build.0 = Release|Any CPU
	EndGlobalSection
	GlobalSection(SolutionProperties) = preSolution
		HideSolutionNode = FALSE
	EndGlobalSection
	GlobalSection(ExtensibilityGlobals) = postSolution
		SolutionGuid = {9282E2D9-5619-4A72-89E3-1CF47CCA8AD8}
	EndGlobalSection
EndGlobal
