
Microsoft Visual Studio Solution File, Format Version 12.00
# Visual Studio Version 17
VisualStudioVersion = 17.2.32616.157
MinimumVisualStudioVersion = 10.0.40219.1
Project("{FAE04EC0-301F-11D3-BF4B-00C04F79EFBC}") = "NestedIfLOOP", "NestedIfLOOP\NestedIfLOOP.csproj", "{DE5F3F15-DE42-47A4-B8F1-9CB036C748EF}"
EndProject
Global
	GlobalSection(SolutionConfigurationPlatforms) = preSolution
		Debug|Any CPU = Debug|Any CPU
		Release|Any CPU = Release|Any CPU
	EndGlobalSection
	GlobalSection(ProjectConfigurationPlatforms) = postSolution
		{DE5F3F15-DE42-47A4-B8F1-9CB036C748EF}.Debug|Any CPU.ActiveCfg = Debug|Any CPU
		{DE5F3F15-DE42-47A4-B8F1-9CB036C748EF}.Debug|Any CPU.Build.0 = Debug|Any CPU
		{DE5F3F15-DE42-47A4-B8F1-9CB036C748EF}.Release|Any CPU.ActiveCfg = Release|Any CPU
		{DE5F3F15-DE42-47A4-B8F1-9CB036C748EF}.Release|Any CPU.Build.0 = Release|Any CPU
	EndGlobalSection
	GlobalSection(SolutionProperties) = preSolution
		HideSolutionNode = FALSE
	EndGlobalSection
	GlobalSection(ExtensibilityGlobals) = postSolution
		SolutionGuid = {54F1633E-271D-4726-9C9B-43503AC36099}
	EndGlobalSection
EndGlobal
