
Microsoft Visual Studio Solution File, Format Version 12.00
# Visual Studio Version 17
VisualStudioVersion = 17.2.32616.157
MinimumVisualStudioVersion = 10.0.40219.1
Project("{FAE04EC0-301F-11D3-BF4B-00C04F79EFBC}") = "outofparameterprogramin square", "outofparameterprogramin square\outofparameterprogramin square.csproj", "{D189DD11-5325-4793-B924-36337A826460}"
EndProject
Global
	GlobalSection(SolutionConfigurationPlatforms) = preSolution
		Debug|Any CPU = Debug|Any CPU
		Release|Any CPU = Release|Any CPU
	EndGlobalSection
	GlobalSection(ProjectConfigurationPlatforms) = postSolution
		{D189DD11-5325-4793-B924-36337A826460}.Debug|Any CPU.ActiveCfg = Debug|Any CPU
		{D189DD11-5325-4793-B924-36337A826460}.Debug|Any CPU.Build.0 = Debug|Any CPU
		{D189DD11-5325-4793-B924-36337A826460}.Release|Any CPU.ActiveCfg = Release|Any CPU
		{D189DD11-5325-4793-B924-36337A826460}.Release|Any CPU.Build.0 = Release|Any CPU
	EndGlobalSection
	GlobalSection(SolutionProperties) = preSolution
		HideSolutionNode = FALSE
	EndGlobalSection
	GlobalSection(ExtensibilityGlobals) = postSolution
		SolutionGuid = {EE2D72E6-9ADC-4043-9A47-C60EBDF6176F}
	EndGlobalSection
EndGlobal
