
Microsoft Visual Studio Solution File, Format Version 12.00
# Visual Studio Version 17
VisualStudioVersion = 17.2.32602.215
MinimumVisualStudioVersion = 10.0.40219.1
Project("{FAE04EC0-301F-11D3-BF4B-00C04F79EFBC}") = "Helloprogram", "Helloprogram\Helloprogram.csproj", "{C5347E35-417B-4181-BF96-E73369D73150}"
EndProject
Global
	GlobalSection(SolutionConfigurationPlatforms) = preSolution
		Debug|Any CPU = Debug|Any CPU
		Release|Any CPU = Release|Any CPU
	EndGlobalSection
	GlobalSection(ProjectConfigurationPlatforms) = postSolution
		{C5347E35-417B-4181-BF96-E73369D73150}.Debug|Any CPU.ActiveCfg = Debug|Any CPU
		{C5347E35-417B-4181-BF96-E73369D73150}.Debug|Any CPU.Build.0 = Debug|Any CPU
		{C5347E35-417B-4181-BF96-E73369D73150}.Release|Any CPU.ActiveCfg = Release|Any CPU
		{C5347E35-417B-4181-BF96-E73369D73150}.Release|Any CPU.Build.0 = Release|Any CPU
	EndGlobalSection
	GlobalSection(SolutionProperties) = preSolution
		HideSolutionNode = FALSE
	EndGlobalSection
	GlobalSection(ExtensibilityGlobals) = postSolution
		SolutionGuid = {E878657A-6964-44B2-BEC2-4E8873ACBD4E}
	EndGlobalSection
EndGlobal
