
Microsoft Visual Studio Solution File, Format Version 12.00
# Visual Studio Version 17
VisualStudioVersion = 17.2.32616.157
MinimumVisualStudioVersion = 10.0.40219.1
Project("{FAE04EC0-301F-11D3-BF4B-00C04F79EFBC}") = "comparison", "comparison\comparison.csproj", "{D931117F-79FA-4DA3-BA10-2E3E5A0BCFB3}"
EndProject
Global
	GlobalSection(SolutionConfigurationPlatforms) = preSolution
		Debug|Any CPU = Debug|Any CPU
		Release|Any CPU = Release|Any CPU
	EndGlobalSection
	GlobalSection(ProjectConfigurationPlatforms) = postSolution
		{D931117F-79FA-4DA3-BA10-2E3E5A0BCFB3}.Debug|Any CPU.ActiveCfg = Debug|Any CPU
		{D931117F-79FA-4DA3-BA10-2E3E5A0BCFB3}.Debug|Any CPU.Build.0 = Debug|Any CPU
		{D931117F-79FA-4DA3-BA10-2E3E5A0BCFB3}.Release|Any CPU.ActiveCfg = Release|Any CPU
		{D931117F-79FA-4DA3-BA10-2E3E5A0BCFB3}.Release|Any CPU.Build.0 = Release|Any CPU
	EndGlobalSection
	GlobalSection(SolutionProperties) = preSolution
		HideSolutionNode = FALSE
	EndGlobalSection
	GlobalSection(ExtensibilityGlobals) = postSolution
		SolutionGuid = {1336B21C-94E9-42DC-ACB1-2CBF21F9315B}
	EndGlobalSection
EndGlobal
